
Microsoft Visual Studio Solution File, Format Version 12.00
# Visual Studio 15
VisualStudioVersion = 15.0.28307.421
MinimumVisualStudioVersion = 10.0.40219.1
Project("{FAE04EC0-301F-11D3-BF4B-00C04F79EFBC}") = "HotelAppSEWebDriver", "HotelAppSEWebDriver\HotelAppSEWebDriver.csproj", "{411C9183-F409-4DB4-962E-8FFCCF85E67B}"
EndProject
Global
	GlobalSection(SolutionConfigurationPlatforms) = preSolution
		Debug|Any CPU = Debug|Any CPU
		Release|Any CPU = Release|Any CPU
	EndGlobalSection
	GlobalSection(ProjectConfigurationPlatforms) = postSolution
		{411C9183-F409-4DB4-962E-8FFCCF85E67B}.Debug|Any CPU.ActiveCfg = Debug|Any CPU
		{411C9183-F409-4DB4-962E-8FFCCF85E67B}.Debug|Any CPU.Build.0 = Debug|Any CPU
		{411C9183-F409-4DB4-962E-8FFCCF85E67B}.Release|Any CPU.ActiveCfg = Release|Any CPU
		{411C9183-F409-4DB4-962E-8FFCCF85E67B}.Release|Any CPU.Build.0 = Release|Any CPU
	EndGlobalSection
	GlobalSection(SolutionProperties) = preSolution
		HideSolutionNode = FALSE
	EndGlobalSection
	GlobalSection(ExtensibilityGlobals) = postSolution
		SolutionGuid = {58559DBE-403E-4E88-8F19-80FE270E8330}
	EndGlobalSection
EndGlobal
